
Microsoft Visual Studio Solution File, Format Version 12.00
# Visual Studio Version 17
VisualStudioVersion = 17.6.33829.357
MinimumVisualStudioVersion = 10.0.40219.1
Project("{9A19103F-16F7-4668-BE54-9A1E7A4F7556}") = "Financial-project", "Financial-project.csproj", "{0CBFF22D-E702-474A-B661-DF292D5142D7}"
EndProject
Project("{FAE04EC0-301F-11D3-BF4B-00C04F79EFBC}") = "TestFinancialProject", "..\TestFinancialProject\TestFinancialProject.csproj", "{60A799F9-BC2E-4803-A0F6-0B2B4B9C85C6}"
EndProject
Global
	GlobalSection(SolutionConfigurationPlatforms) = preSolution
		Debug|Any CPU = Debug|Any CPU
		Release|Any CPU = Release|Any CPU
	EndGlobalSection
	GlobalSection(ProjectConfigurationPlatforms) = postSolution
		{0CBFF22D-E702-474A-B661-DF292D5142D7}.Debug|Any CPU.ActiveCfg = Debug|Any CPU
		{0CBFF22D-E702-474A-B661-DF292D5142D7}.Debug|Any CPU.Build.0 = Debug|Any CPU
		{0CBFF22D-E702-474A-B661-DF292D5142D7}.Release|Any CPU.ActiveCfg = Release|Any CPU
		{0CBFF22D-E702-474A-B661-DF292D5142D7}.Release|Any CPU.Build.0 = Release|Any CPU
		{60A799F9-BC2E-4803-A0F6-0B2B4B9C85C6}.Debug|Any CPU.ActiveCfg = Debug|Any CPU
		{60A799F9-BC2E-4803-A0F6-0B2B4B9C85C6}.Debug|Any CPU.Build.0 = Debug|Any CPU
		{60A799F9-BC2E-4803-A0F6-0B2B4B9C85C6}.Release|Any CPU.ActiveCfg = Release|Any CPU
		{60A799F9-BC2E-4803-A0F6-0B2B4B9C85C6}.Release|Any CPU.Build.0 = Release|Any CPU
	EndGlobalSection
	GlobalSection(SolutionProperties) = preSolution
		HideSolutionNode = FALSE
	EndGlobalSection
	GlobalSection(ExtensibilityGlobals) = postSolution
		SolutionGuid = {67E26398-EB5D-4B0E-B44A-109C27466802}
	EndGlobalSection
EndGlobal
